
Microsoft Visual Studio Solution File, Format Version 12.00
# Visual Studio Version 16
VisualStudioVersion = 16.0.31402.337
MinimumVisualStudioVersion = 10.0.40219.1
Project("{9A19103F-16F7-4668-BE54-9A1E7A4F7556}") = "ProductService", "ProductService\ProductService.csproj", "{A28964D6-22F8-4633-955F-FBB44F0D9A0D}"
EndProject
Global
	GlobalSection(SolutionConfigurationPlatforms) = preSolution
		Debug|Any CPU = Debug|Any CPU
		Release|Any CPU = Release|Any CPU
	EndGlobalSection
	GlobalSection(ProjectConfigurationPlatforms) = postSolution
		{A28964D6-22F8-4633-955F-FBB44F0D9A0D}.Debug|Any CPU.ActiveCfg = Debug|Any CPU
		{A28964D6-22F8-4633-955F-FBB44F0D9A0D}.Debug|Any CPU.Build.0 = Debug|Any CPU
		{A28964D6-22F8-4633-955F-FBB44F0D9A0D}.Release|Any CPU.ActiveCfg = Release|Any CPU
		{A28964D6-22F8-4633-955F-FBB44F0D9A0D}.Release|Any CPU.Build.0 = Release|Any CPU
	EndGlobalSection
	GlobalSection(SolutionProperties) = preSolution
		HideSolutionNode = FALSE
	EndGlobalSection
	GlobalSection(ExtensibilityGlobals) = postSolution
		SolutionGuid = {C6E52C3B-0D62-460A-B5F3-B0A6AD44A886}
	EndGlobalSection
EndGlobal
